
Microsoft Visual Studio Solution File, Format Version 12.00
# Visual Studio 14
VisualStudioVersion = 14.0.25420.1
MinimumVisualStudioVersion = 10.0.40219.1
Project("{2150E333-8FDC-42A3-9474-1A3956D46DE8}") = "Core", "Core", "{CB1FD94F-E449-41A4-8FDA-8B0A4CFE1DC4}"
EndProject
Project("{2150E333-8FDC-42A3-9474-1A3956D46DE8}") = "Web", "Web", "{BCFA1C85-064E-430D-933B-CF8AD46468C4}"
EndProject
Project("{2150E333-8FDC-42A3-9474-1A3956D46DE8}") = "Tests", "Tests", "{E0CD5B8E-5471-4EDD-A997-A446C02D2E75}"
EndProject
Project("{FAE04EC0-301F-11D3-BF4B-00C04F79EFBC}") = "Client", "Web\Client\Client.csproj", "{74A58B77-E561-4060-8936-63BEE4F75BC5}"
EndProject
Project("{FAE04EC0-301F-11D3-BF4B-00C04F79EFBC}") = "CompositionRoot", "Core\CompositionRoot\CompositionRoot.csproj", "{5A41C23C-799A-47D0-A04E-27D5C1D686D5}"
EndProject
Project("{FAE04EC0-301F-11D3-BF4B-00C04F79EFBC}") = "Framework", "Web\Framework\Framework.csproj", "{B1D9F6D3-DB56-4379-8A69-397592DCA8F9}"
EndProject
Project("{FAE04EC0-301F-11D3-BF4B-00C04F79EFBC}") = "Security", "Web\Security\Security.csproj", "{C4281D82-07D3-43A5-81A6-17F0FD5B8BC0}"
EndProject
Project("{FAE04EC0-301F-11D3-BF4B-00C04F79EFBC}") = "OpenProcurement", "Core\OpenProcurement\OpenProcurement.csproj", "{CC2CBB07-0C6C-434E-854C-894705C20FAB}"
EndProject
Project("{2150E333-8FDC-42A3-9474-1A3956D46DE8}") = "Services", "Services", "{1296EF6E-FF3C-4B7B-8505-A87B8EE0EEA5}"
EndProject
Project("{FAE04EC0-301F-11D3-BF4B-00C04F79EFBC}") = "Prozorro", "Services\Prozorro\Prozorro.csproj", "{2B8C8893-D3C1-49D9-AEDC-569A0FD08C78}"
EndProject
Project("{FAE04EC0-301F-11D3-BF4B-00C04F79EFBC}") = "Web.Client", "Tests\Web.Client\Web.Client.csproj", "{154CCFF5-2A4B-4F18-9E2E-2D2A2DC93837}"
EndProject
Project("{FAE04EC0-301F-11D3-BF4B-00C04F79EFBC}") = "Core.OpenProcurement", "Tests\Core.OpenProcurement\Core.OpenProcurement.csproj", "{4C125517-3CC7-4BC4-B136-A496F3A6B42B}"
EndProject
Project("{FAE04EC0-301F-11D3-BF4B-00C04F79EFBC}") = "Framework", "Tests\Framework\Framework.csproj", "{9423A1A5-42EB-4808-8CCF-20F5AF80DA1E}"
EndProject
Project("{2150E333-8FDC-42A3-9474-1A3956D46DE8}") = "Data", "Data", "{D404BCA1-629E-424A-8F56-A5754E023A1E}"
EndProject
Project("{FAE04EC0-301F-11D3-BF4B-00C04F79EFBC}") = "Store", "Data\Store\Store.csproj", "{5650E9D0-E550-4277-A912-BCC9C1F9D2DB}"
EndProject
Project("{FAE04EC0-301F-11D3-BF4B-00C04F79EFBC}") = "SyncService", "Services\SyncService\SyncService.csproj", "{FE8493AC-456C-481E-B565-2CD30B41B8EE}"
EndProject
Project("{FAE04EC0-301F-11D3-BF4B-00C04F79EFBC}") = "Services.Prozoro", "Tests\Services.Prozoro\Services.Prozoro.csproj", "{EE7D6F95-49AB-4EBE-8876-CFEA245BC565}"
EndProject
Project("{FAE04EC0-301F-11D3-BF4B-00C04F79EFBC}") = "Services.SyncService", "Tests\Services.SyncService\Services.SyncService.csproj", "{0152D83C-EA37-4206-8F2C-B304DB9678B5}"
EndProject
Project("{FAE04EC0-301F-11D3-BF4B-00C04F79EFBC}") = "Models", "Data\Models\Models.csproj", "{BC57962A-3626-4DF9-9D90-596925843E26}"
EndProject
Project("{FAE04EC0-301F-11D3-BF4B-00C04F79EFBC}") = "Resources", "Web\Resources\Resources.csproj", "{5AF5F513-F1CF-42DD-BDA2-41940EB0CE2E}"
EndProject
Project("{FAE04EC0-301F-11D3-BF4B-00C04F79EFBC}") = "Logging", "Services\Logging\Logging.csproj", "{BB4BD8F0-7744-47BE-8EC2-AA412496936A}"
EndProject
Project("{FAE04EC0-301F-11D3-BF4B-00C04F79EFBC}") = "DataMapping", "Data\DataMapping\DataMapping.csproj", "{CCB34282-C736-483C-B87E-6AF54293BDD0}"
EndProject
Project("{FAE04EC0-301F-11D3-BF4B-00C04F79EFBC}") = "Interfaces", "Core\Interfaces\Interfaces.csproj", "{348A7A73-0D71-4550-8CF8-F9BAA5C61A88}"
EndProject
Project("{FAE04EC0-301F-11D3-BF4B-00C04F79EFBC}") = "Transfer", "Data\Transfer\Transfer.csproj", "{4C18CA13-40BC-42BF-97D5-6C10DAE48565}"
EndProject
Global
	GlobalSection(SolutionConfigurationPlatforms) = preSolution
		Debug|Any CPU = Debug|Any CPU
		Debug|ARM = Debug|ARM
		Debug|x64 = Debug|x64
		Debug|x86 = Debug|x86
		Release|Any CPU = Release|Any CPU
		Release|ARM = Release|ARM
		Release|x64 = Release|x64
		Release|x86 = Release|x86
	EndGlobalSection
	GlobalSection(ProjectConfigurationPlatforms) = postSolution
		{74A58B77-E561-4060-8936-63BEE4F75BC5}.Debug|Any CPU.ActiveCfg = Debug|Any CPU
		{74A58B77-E561-4060-8936-63BEE4F75BC5}.Debug|Any CPU.Build.0 = Debug|Any CPU
		{74A58B77-E561-4060-8936-63BEE4F75BC5}.Debug|ARM.ActiveCfg = Debug|Any CPU
		{74A58B77-E561-4060-8936-63BEE4F75BC5}.Debug|ARM.Build.0 = Debug|Any CPU
		{74A58B77-E561-4060-8936-63BEE4F75BC5}.Debug|x64.ActiveCfg = Debug|Any CPU
		{74A58B77-E561-4060-8936-63BEE4F75BC5}.Debug|x64.Build.0 = Debug|Any CPU
		{74A58B77-E561-4060-8936-63BEE4F75BC5}.Debug|x86.ActiveCfg = Debug|Any CPU
		{74A58B77-E561-4060-8936-63BEE4F75BC5}.Debug|x86.Build.0 = Debug|Any CPU
		{74A58B77-E561-4060-8936-63BEE4F75BC5}.Release|Any CPU.ActiveCfg = Release|Any CPU
		{74A58B77-E561-4060-8936-63BEE4F75BC5}.Release|Any CPU.Build.0 = Release|Any CPU
		{74A58B77-E561-4060-8936-63BEE4F75BC5}.Release|ARM.ActiveCfg = Release|Any CPU
		{74A58B77-E561-4060-8936-63BEE4F75BC5}.Release|ARM.Build.0 = Release|Any CPU
		{74A58B77-E561-4060-8936-63BEE4F75BC5}.Release|x64.ActiveCfg = Release|Any CPU
		{74A58B77-E561-4060-8936-63BEE4F75BC5}.Release|x64.Build.0 = Release|Any CPU
		{74A58B77-E561-4060-8936-63BEE4F75BC5}.Release|x86.ActiveCfg = Release|Any CPU
		{74A58B77-E561-4060-8936-63BEE4F75BC5}.Release|x86.Build.0 = Release|Any CPU
		{5A41C23C-799A-47D0-A04E-27D5C1D686D5}.Debug|Any CPU.ActiveCfg = Debug|Any CPU
		{5A41C23C-799A-47D0-A04E-27D5C1D686D5}.Debug|Any CPU.Build.0 = Debug|Any CPU
		{5A41C23C-799A-47D0-A04E-27D5C1D686D5}.Debug|ARM.ActiveCfg = Debug|Any CPU
		{5A41C23C-799A-47D0-A04E-27D5C1D686D5}.Debug|ARM.Build.0 = Debug|Any CPU
		{5A41C23C-799A-47D0-A04E-27D5C1D686D5}.Debug|x64.ActiveCfg = Debug|Any CPU
		{5A41C23C-799A-47D0-A04E-27D5C1D686D5}.Debug|x64.Build.0 = Debug|Any CPU
		{5A41C23C-799A-47D0-A04E-27D5C1D686D5}.Debug|x86.ActiveCfg = Debug|Any CPU
		{5A41C23C-799A-47D0-A04E-27D5C1D686D5}.Debug|x86.Build.0 = Debug|Any CPU
		{5A41C23C-799A-47D0-A04E-27D5C1D686D5}.Release|Any CPU.ActiveCfg = Release|Any CPU
		{5A41C23C-799A-47D0-A04E-27D5C1D686D5}.Release|Any CPU.Build.0 = Release|Any CPU
		{5A41C23C-799A-47D0-A04E-27D5C1D686D5}.Release|ARM.ActiveCfg = Release|Any CPU
		{5A41C23C-799A-47D0-A04E-27D5C1D686D5}.Release|ARM.Build.0 = Release|Any CPU
		{5A41C23C-799A-47D0-A04E-27D5C1D686D5}.Release|x64.ActiveCfg = Release|Any CPU
		{5A41C23C-799A-47D0-A04E-27D5C1D686D5}.Release|x64.Build.0 = Release|Any CPU
		{5A41C23C-799A-47D0-A04E-27D5C1D686D5}.Release|x86.ActiveCfg = Release|Any CPU
		{5A41C23C-799A-47D0-A04E-27D5C1D686D5}.Release|x86.Build.0 = Release|Any CPU
		{B1D9F6D3-DB56-4379-8A69-397592DCA8F9}.Debug|Any CPU.ActiveCfg = Debug|Any CPU
		{B1D9F6D3-DB56-4379-8A69-397592DCA8F9}.Debug|Any CPU.Build.0 = Debug|Any CPU
		{B1D9F6D3-DB56-4379-8A69-397592DCA8F9}.Debug|ARM.ActiveCfg = Debug|Any CPU
		{B1D9F6D3-DB56-4379-8A69-397592DCA8F9}.Debug|ARM.Build.0 = Debug|Any CPU
		{B1D9F6D3-DB56-4379-8A69-397592DCA8F9}.Debug|x64.ActiveCfg = Debug|Any CPU
		{B1D9F6D3-DB56-4379-8A69-397592DCA8F9}.Debug|x64.Build.0 = Debug|Any CPU
		{B1D9F6D3-DB56-4379-8A69-397592DCA8F9}.Debug|x86.ActiveCfg = Debug|Any CPU
		{B1D9F6D3-DB56-4379-8A69-397592DCA8F9}.Debug|x86.Build.0 = Debug|Any CPU
		{B1D9F6D3-DB56-4379-8A69-397592DCA8F9}.Release|Any CPU.ActiveCfg = Release|Any CPU
		{B1D9F6D3-DB56-4379-8A69-397592DCA8F9}.Release|Any CPU.Build.0 = Release|Any CPU
		{B1D9F6D3-DB56-4379-8A69-397592DCA8F9}.Release|ARM.ActiveCfg = Release|Any CPU
		{B1D9F6D3-DB56-4379-8A69-397592DCA8F9}.Release|ARM.Build.0 = Release|Any CPU
		{B1D9F6D3-DB56-4379-8A69-397592DCA8F9}.Release|x64.ActiveCfg = Release|Any CPU
		{B1D9F6D3-DB56-4379-8A69-397592DCA8F9}.Release|x64.Build.0 = Release|Any CPU
		{B1D9F6D3-DB56-4379-8A69-397592DCA8F9}.Release|x86.ActiveCfg = Release|Any CPU
		{B1D9F6D3-DB56-4379-8A69-397592DCA8F9}.Release|x86.Build.0 = Release|Any CPU
		{C4281D82-07D3-43A5-81A6-17F0FD5B8BC0}.Debug|Any CPU.ActiveCfg = Debug|Any CPU
		{C4281D82-07D3-43A5-81A6-17F0FD5B8BC0}.Debug|Any CPU.Build.0 = Debug|Any CPU
		{C4281D82-07D3-43A5-81A6-17F0FD5B8BC0}.Debug|ARM.ActiveCfg = Debug|Any CPU
		{C4281D82-07D3-43A5-81A6-17F0FD5B8BC0}.Debug|ARM.Build.0 = Debug|Any CPU
		{C4281D82-07D3-43A5-81A6-17F0FD5B8BC0}.Debug|x64.ActiveCfg = Debug|Any CPU
		{C4281D82-07D3-43A5-81A6-17F0FD5B8BC0}.Debug|x64.Build.0 = Debug|Any CPU
		{C4281D82-07D3-43A5-81A6-17F0FD5B8BC0}.Debug|x86.ActiveCfg = Debug|Any CPU
		{C4281D82-07D3-43A5-81A6-17F0FD5B8BC0}.Debug|x86.Build.0 = Debug|Any CPU
		{C4281D82-07D3-43A5-81A6-17F0FD5B8BC0}.Release|Any CPU.ActiveCfg = Release|Any CPU
		{C4281D82-07D3-43A5-81A6-17F0FD5B8BC0}.Release|Any CPU.Build.0 = Release|Any CPU
		{C4281D82-07D3-43A5-81A6-17F0FD5B8BC0}.Release|ARM.ActiveCfg = Release|Any CPU
		{C4281D82-07D3-43A5-81A6-17F0FD5B8BC0}.Release|ARM.Build.0 = Release|Any CPU
		{C4281D82-07D3-43A5-81A6-17F0FD5B8BC0}.Release|x64.ActiveCfg = Release|Any CPU
		{C4281D82-07D3-43A5-81A6-17F0FD5B8BC0}.Release|x64.Build.0 = Release|Any CPU
		{C4281D82-07D3-43A5-81A6-17F0FD5B8BC0}.Release|x86.ActiveCfg = Release|Any CPU
		{C4281D82-07D3-43A5-81A6-17F0FD5B8BC0}.Release|x86.Build.0 = Release|Any CPU
		{CC2CBB07-0C6C-434E-854C-894705C20FAB}.Debug|Any CPU.ActiveCfg = Debug|Any CPU
		{CC2CBB07-0C6C-434E-854C-894705C20FAB}.Debug|Any CPU.Build.0 = Debug|Any CPU
		{CC2CBB07-0C6C-434E-854C-894705C20FAB}.Debug|ARM.ActiveCfg = Debug|Any CPU
		{CC2CBB07-0C6C-434E-854C-894705C20FAB}.Debug|ARM.Build.0 = Debug|Any CPU
		{CC2CBB07-0C6C-434E-854C-894705C20FAB}.Debug|x64.ActiveCfg = Debug|Any CPU
		{CC2CBB07-0C6C-434E-854C-894705C20FAB}.Debug|x64.Build.0 = Debug|Any CPU
		{CC2CBB07-0C6C-434E-854C-894705C20FAB}.Debug|x86.ActiveCfg = Debug|Any CPU
		{CC2CBB07-0C6C-434E-854C-894705C20FAB}.Debug|x86.Build.0 = Debug|Any CPU
		{CC2CBB07-0C6C-434E-854C-894705C20FAB}.Release|Any CPU.ActiveCfg = Release|Any CPU
		{CC2CBB07-0C6C-434E-854C-894705C20FAB}.Release|Any CPU.Build.0 = Release|Any CPU
		{CC2CBB07-0C6C-434E-854C-894705C20FAB}.Release|ARM.ActiveCfg = Release|Any CPU
		{CC2CBB07-0C6C-434E-854C-894705C20FAB}.Release|ARM.Build.0 = Release|Any CPU
		{CC2CBB07-0C6C-434E-854C-894705C20FAB}.Release|x64.ActiveCfg = Release|Any CPU
		{CC2CBB07-0C6C-434E-854C-894705C20FAB}.Release|x64.Build.0 = Release|Any CPU
		{CC2CBB07-0C6C-434E-854C-894705C20FAB}.Release|x86.ActiveCfg = Release|Any CPU
		{CC2CBB07-0C6C-434E-854C-894705C20FAB}.Release|x86.Build.0 = Release|Any CPU
		{2B8C8893-D3C1-49D9-AEDC-569A0FD08C78}.Debug|Any CPU.ActiveCfg = Debug|Any CPU
		{2B8C8893-D3C1-49D9-AEDC-569A0FD08C78}.Debug|Any CPU.Build.0 = Debug|Any CPU
		{2B8C8893-D3C1-49D9-AEDC-569A0FD08C78}.Debug|ARM.ActiveCfg = Debug|Any CPU
		{2B8C8893-D3C1-49D9-AEDC-569A0FD08C78}.Debug|ARM.Build.0 = Debug|Any CPU
		{2B8C8893-D3C1-49D9-AEDC-569A0FD08C78}.Debug|x64.ActiveCfg = Debug|Any CPU
		{2B8C8893-D3C1-49D9-AEDC-569A0FD08C78}.Debug|x64.Build.0 = Debug|Any CPU
		{2B8C8893-D3C1-49D9-AEDC-569A0FD08C78}.Debug|x86.ActiveCfg = Debug|Any CPU
		{2B8C8893-D3C1-49D9-AEDC-569A0FD08C78}.Debug|x86.Build.0 = Debug|Any CPU
		{2B8C8893-D3C1-49D9-AEDC-569A0FD08C78}.Release|Any CPU.ActiveCfg = Release|Any CPU
		{2B8C8893-D3C1-49D9-AEDC-569A0FD08C78}.Release|Any CPU.Build.0 = Release|Any CPU
		{2B8C8893-D3C1-49D9-AEDC-569A0FD08C78}.Release|ARM.ActiveCfg = Release|Any CPU
		{2B8C8893-D3C1-49D9-AEDC-569A0FD08C78}.Release|ARM.Build.0 = Release|Any CPU
		{2B8C8893-D3C1-49D9-AEDC-569A0FD08C78}.Release|x64.ActiveCfg = Release|Any CPU
		{2B8C8893-D3C1-49D9-AEDC-569A0FD08C78}.Release|x64.Build.0 = Release|Any CPU
		{2B8C8893-D3C1-49D9-AEDC-569A0FD08C78}.Release|x86.ActiveCfg = Release|Any CPU
		{2B8C8893-D3C1-49D9-AEDC-569A0FD08C78}.Release|x86.Build.0 = Release|Any CPU
		{154CCFF5-2A4B-4F18-9E2E-2D2A2DC93837}.Debug|Any CPU.ActiveCfg = Debug|Any CPU
		{154CCFF5-2A4B-4F18-9E2E-2D2A2DC93837}.Debug|Any CPU.Build.0 = Debug|Any CPU
		{154CCFF5-2A4B-4F18-9E2E-2D2A2DC93837}.Debug|ARM.ActiveCfg = Debug|Any CPU
		{154CCFF5-2A4B-4F18-9E2E-2D2A2DC93837}.Debug|ARM.Build.0 = Debug|Any CPU
		{154CCFF5-2A4B-4F18-9E2E-2D2A2DC93837}.Debug|x64.ActiveCfg = Debug|Any CPU
		{154CCFF5-2A4B-4F18-9E2E-2D2A2DC93837}.Debug|x64.Build.0 = Debug|Any CPU
		{154CCFF5-2A4B-4F18-9E2E-2D2A2DC93837}.Debug|x86.ActiveCfg = Debug|Any CPU
		{154CCFF5-2A4B-4F18-9E2E-2D2A2DC93837}.Debug|x86.Build.0 = Debug|Any CPU
		{154CCFF5-2A4B-4F18-9E2E-2D2A2DC93837}.Release|Any CPU.ActiveCfg = Release|Any CPU
		{154CCFF5-2A4B-4F18-9E2E-2D2A2DC93837}.Release|Any CPU.Build.0 = Release|Any CPU
		{154CCFF5-2A4B-4F18-9E2E-2D2A2DC93837}.Release|ARM.ActiveCfg = Release|Any CPU
		{154CCFF5-2A4B-4F18-9E2E-2D2A2DC93837}.Release|ARM.Build.0 = Release|Any CPU
		{154CCFF5-2A4B-4F18-9E2E-2D2A2DC93837}.Release|x64.ActiveCfg = Release|Any CPU
		{154CCFF5-2A4B-4F18-9E2E-2D2A2DC93837}.Release|x64.Build.0 = Release|Any CPU
		{154CCFF5-2A4B-4F18-9E2E-2D2A2DC93837}.Release|x86.ActiveCfg = Release|Any CPU
		{154CCFF5-2A4B-4F18-9E2E-2D2A2DC93837}.Release|x86.Build.0 = Release|Any CPU
		{4C125517-3CC7-4BC4-B136-A496F3A6B42B}.Debug|Any CPU.ActiveCfg = Debug|Any CPU
		{4C125517-3CC7-4BC4-B136-A496F3A6B42B}.Debug|Any CPU.Build.0 = Debug|Any CPU
		{4C125517-3CC7-4BC4-B136-A496F3A6B42B}.Debug|ARM.ActiveCfg = Debug|Any CPU
		{4C125517-3CC7-4BC4-B136-A496F3A6B42B}.Debug|ARM.Build.0 = Debug|Any CPU
		{4C125517-3CC7-4BC4-B136-A496F3A6B42B}.Debug|x64.ActiveCfg = Debug|Any CPU
		{4C125517-3CC7-4BC4-B136-A496F3A6B42B}.Debug|x64.Build.0 = Debug|Any CPU
		{4C125517-3CC7-4BC4-B136-A496F3A6B42B}.Debug|x86.ActiveCfg = Debug|Any CPU
		{4C125517-3CC7-4BC4-B136-A496F3A6B42B}.Debug|x86.Build.0 = Debug|Any CPU
		{4C125517-3CC7-4BC4-B136-A496F3A6B42B}.Release|Any CPU.ActiveCfg = Release|Any CPU
		{4C125517-3CC7-4BC4-B136-A496F3A6B42B}.Release|Any CPU.Build.0 = Release|Any CPU
		{4C125517-3CC7-4BC4-B136-A496F3A6B42B}.Release|ARM.ActiveCfg = Release|Any CPU
		{4C125517-3CC7-4BC4-B136-A496F3A6B42B}.Release|ARM.Build.0 = Release|Any CPU
		{4C125517-3CC7-4BC4-B136-A496F3A6B42B}.Release|x64.ActiveCfg = Release|Any CPU
		{4C125517-3CC7-4BC4-B136-A496F3A6B42B}.Release|x64.Build.0 = Release|Any CPU
		{4C125517-3CC7-4BC4-B136-A496F3A6B42B}.Release|x86.ActiveCfg = Release|Any CPU
		{4C125517-3CC7-4BC4-B136-A496F3A6B42B}.Release|x86.Build.0 = Release|Any CPU
		{9423A1A5-42EB-4808-8CCF-20F5AF80DA1E}.Debug|Any CPU.ActiveCfg = Debug|Any CPU
		{9423A1A5-42EB-4808-8CCF-20F5AF80DA1E}.Debug|Any CPU.Build.0 = Debug|Any CPU
		{9423A1A5-42EB-4808-8CCF-20F5AF80DA1E}.Debug|ARM.ActiveCfg = Debug|Any CPU
		{9423A1A5-42EB-4808-8CCF-20F5AF80DA1E}.Debug|ARM.Build.0 = Debug|Any CPU
		{9423A1A5-42EB-4808-8CCF-20F5AF80DA1E}.Debug|x64.ActiveCfg = Debug|Any CPU
		{9423A1A5-42EB-4808-8CCF-20F5AF80DA1E}.Debug|x64.Build.0 = Debug|Any CPU
		{9423A1A5-42EB-4808-8CCF-20F5AF80DA1E}.Debug|x86.ActiveCfg = Debug|Any CPU
		{9423A1A5-42EB-4808-8CCF-20F5AF80DA1E}.Debug|x86.Build.0 = Debug|Any CPU
		{9423A1A5-42EB-4808-8CCF-20F5AF80DA1E}.Release|Any CPU.ActiveCfg = Release|Any CPU
		{9423A1A5-42EB-4808-8CCF-20F5AF80DA1E}.Release|Any CPU.Build.0 = Release|Any CPU
		{9423A1A5-42EB-4808-8CCF-20F5AF80DA1E}.Release|ARM.ActiveCfg = Release|Any CPU
		{9423A1A5-42EB-4808-8CCF-20F5AF80DA1E}.Release|ARM.Build.0 = Release|Any CPU
		{9423A1A5-42EB-4808-8CCF-20F5AF80DA1E}.Release|x64.ActiveCfg = Release|Any CPU
		{9423A1A5-42EB-4808-8CCF-20F5AF80DA1E}.Release|x64.Build.0 = Release|Any CPU
		{9423A1A5-42EB-4808-8CCF-20F5AF80DA1E}.Release|x86.ActiveCfg = Release|Any CPU
		{9423A1A5-42EB-4808-8CCF-20F5AF80DA1E}.Release|x86.Build.0 = Release|Any CPU
		{5650E9D0-E550-4277-A912-BCC9C1F9D2DB}.Debug|Any CPU.ActiveCfg = Debug|Any CPU
		{5650E9D0-E550-4277-A912-BCC9C1F9D2DB}.Debug|Any CPU.Build.0 = Debug|Any CPU
		{5650E9D0-E550-4277-A912-BCC9C1F9D2DB}.Debug|ARM.ActiveCfg = Debug|Any CPU
		{5650E9D0-E550-4277-A912-BCC9C1F9D2DB}.Debug|ARM.Build.0 = Debug|Any CPU
		{5650E9D0-E550-4277-A912-BCC9C1F9D2DB}.Debug|x64.ActiveCfg = Debug|Any CPU
		{5650E9D0-E550-4277-A912-BCC9C1F9D2DB}.Debug|x64.Build.0 = Debug|Any CPU
		{5650E9D0-E550-4277-A912-BCC9C1F9D2DB}.Debug|x86.ActiveCfg = Debug|Any CPU
		{5650E9D0-E550-4277-A912-BCC9C1F9D2DB}.Debug|x86.Build.0 = Debug|Any CPU
		{5650E9D0-E550-4277-A912-BCC9C1F9D2DB}.Release|Any CPU.ActiveCfg = Release|Any CPU
		{5650E9D0-E550-4277-A912-BCC9C1F9D2DB}.Release|Any CPU.Build.0 = Release|Any CPU
		{5650E9D0-E550-4277-A912-BCC9C1F9D2DB}.Release|ARM.ActiveCfg = Release|Any CPU
		{5650E9D0-E550-4277-A912-BCC9C1F9D2DB}.Release|ARM.Build.0 = Release|Any CPU
		{5650E9D0-E550-4277-A912-BCC9C1F9D2DB}.Release|x64.ActiveCfg = Release|Any CPU
		{5650E9D0-E550-4277-A912-BCC9C1F9D2DB}.Release|x64.Build.0 = Release|Any CPU
		{5650E9D0-E550-4277-A912-BCC9C1F9D2DB}.Release|x86.ActiveCfg = Release|Any CPU
		{5650E9D0-E550-4277-A912-BCC9C1F9D2DB}.Release|x86.Build.0 = Release|Any CPU
		{FE8493AC-456C-481E-B565-2CD30B41B8EE}.Debug|Any CPU.ActiveCfg = Debug|Any CPU
		{FE8493AC-456C-481E-B565-2CD30B41B8EE}.Debug|Any CPU.Build.0 = Debug|Any CPU
		{FE8493AC-456C-481E-B565-2CD30B41B8EE}.Debug|ARM.ActiveCfg = Debug|Any CPU
		{FE8493AC-456C-481E-B565-2CD30B41B8EE}.Debug|ARM.Build.0 = Debug|Any CPU
		{FE8493AC-456C-481E-B565-2CD30B41B8EE}.Debug|x64.ActiveCfg = Debug|Any CPU
		{FE8493AC-456C-481E-B565-2CD30B41B8EE}.Debug|x64.Build.0 = Debug|Any CPU
		{FE8493AC-456C-481E-B565-2CD30B41B8EE}.Debug|x86.ActiveCfg = Debug|Any CPU
		{FE8493AC-456C-481E-B565-2CD30B41B8EE}.Debug|x86.Build.0 = Debug|Any CPU
		{FE8493AC-456C-481E-B565-2CD30B41B8EE}.Release|Any CPU.ActiveCfg = Release|Any CPU
		{FE8493AC-456C-481E-B565-2CD30B41B8EE}.Release|Any CPU.Build.0 = Release|Any CPU
		{FE8493AC-456C-481E-B565-2CD30B41B8EE}.Release|ARM.ActiveCfg = Release|Any CPU
		{FE8493AC-456C-481E-B565-2CD30B41B8EE}.Release|ARM.Build.0 = Release|Any CPU
		{FE8493AC-456C-481E-B565-2CD30B41B8EE}.Release|x64.ActiveCfg = Release|Any CPU
		{FE8493AC-456C-481E-B565-2CD30B41B8EE}.Release|x64.Build.0 = Release|Any CPU
		{FE8493AC-456C-481E-B565-2CD30B41B8EE}.Release|x86.ActiveCfg = Release|Any CPU
		{FE8493AC-456C-481E-B565-2CD30B41B8EE}.Release|x86.Build.0 = Release|Any CPU
		{EE7D6F95-49AB-4EBE-8876-CFEA245BC565}.Debug|Any CPU.ActiveCfg = Debug|Any CPU
		{EE7D6F95-49AB-4EBE-8876-CFEA245BC565}.Debug|Any CPU.Build.0 = Debug|Any CPU
		{EE7D6F95-49AB-4EBE-8876-CFEA245BC565}.Debug|ARM.ActiveCfg = Debug|Any CPU
		{EE7D6F95-49AB-4EBE-8876-CFEA245BC565}.Debug|ARM.Build.0 = Debug|Any CPU
		{EE7D6F95-49AB-4EBE-8876-CFEA245BC565}.Debug|x64.ActiveCfg = Debug|Any CPU
		{EE7D6F95-49AB-4EBE-8876-CFEA245BC565}.Debug|x64.Build.0 = Debug|Any CPU
		{EE7D6F95-49AB-4EBE-8876-CFEA245BC565}.Debug|x86.ActiveCfg = Debug|Any CPU
		{EE7D6F95-49AB-4EBE-8876-CFEA245BC565}.Debug|x86.Build.0 = Debug|Any CPU
		{EE7D6F95-49AB-4EBE-8876-CFEA245BC565}.Release|Any CPU.ActiveCfg = Release|Any CPU
		{EE7D6F95-49AB-4EBE-8876-CFEA245BC565}.Release|Any CPU.Build.0 = Release|Any CPU
		{EE7D6F95-49AB-4EBE-8876-CFEA245BC565}.Release|ARM.ActiveCfg = Release|Any CPU
		{EE7D6F95-49AB-4EBE-8876-CFEA245BC565}.Release|ARM.Build.0 = Release|Any CPU
		{EE7D6F95-49AB-4EBE-8876-CFEA245BC565}.Release|x64.ActiveCfg = Release|Any CPU
		{EE7D6F95-49AB-4EBE-8876-CFEA245BC565}.Release|x64.Build.0 = Release|Any CPU
		{EE7D6F95-49AB-4EBE-8876-CFEA245BC565}.Release|x86.ActiveCfg = Release|Any CPU
		{EE7D6F95-49AB-4EBE-8876-CFEA245BC565}.Release|x86.Build.0 = Release|Any CPU
		{0152D83C-EA37-4206-8F2C-B304DB9678B5}.Debug|Any CPU.ActiveCfg = Debug|Any CPU
		{0152D83C-EA37-4206-8F2C-B304DB9678B5}.Debug|Any CPU.Build.0 = Debug|Any CPU
		{0152D83C-EA37-4206-8F2C-B304DB9678B5}.Debug|ARM.ActiveCfg = Debug|Any CPU
		{0152D83C-EA37-4206-8F2C-B304DB9678B5}.Debug|ARM.Build.0 = Debug|Any CPU
		{0152D83C-EA37-4206-8F2C-B304DB9678B5}.Debug|x64.ActiveCfg = Debug|Any CPU
		{0152D83C-EA37-4206-8F2C-B304DB9678B5}.Debug|x64.Build.0 = Debug|Any CPU
		{0152D83C-EA37-4206-8F2C-B304DB9678B5}.Debug|x86.ActiveCfg = Debug|Any CPU
		{0152D83C-EA37-4206-8F2C-B304DB9678B5}.Debug|x86.Build.0 = Debug|Any CPU
		{0152D83C-EA37-4206-8F2C-B304DB9678B5}.Release|Any CPU.ActiveCfg = Release|Any CPU
		{0152D83C-EA37-4206-8F2C-B304DB9678B5}.Release|Any CPU.Build.0 = Release|Any CPU
		{0152D83C-EA37-4206-8F2C-B304DB9678B5}.Release|ARM.ActiveCfg = Release|Any CPU
		{0152D83C-EA37-4206-8F2C-B304DB9678B5}.Release|ARM.Build.0 = Release|Any CPU
		{0152D83C-EA37-4206-8F2C-B304DB9678B5}.Release|x64.ActiveCfg = Release|Any CPU
		{0152D83C-EA37-4206-8F2C-B304DB9678B5}.Release|x64.Build.0 = Release|Any CPU
		{0152D83C-EA37-4206-8F2C-B304DB9678B5}.Release|x86.ActiveCfg = Release|Any CPU
		{0152D83C-EA37-4206-8F2C-B304DB9678B5}.Release|x86.Build.0 = Release|Any CPU
		{BC57962A-3626-4DF9-9D90-596925843E26}.Debug|Any CPU.ActiveCfg = Debug|Any CPU
		{BC57962A-3626-4DF9-9D90-596925843E26}.Debug|Any CPU.Build.0 = Debug|Any CPU
		{BC57962A-3626-4DF9-9D90-596925843E26}.Debug|ARM.ActiveCfg = Debug|Any CPU
		{BC57962A-3626-4DF9-9D90-596925843E26}.Debug|ARM.Build.0 = Debug|Any CPU
		{BC57962A-3626-4DF9-9D90-596925843E26}.Debug|x64.ActiveCfg = Debug|Any CPU
		{BC57962A-3626-4DF9-9D90-596925843E26}.Debug|x64.Build.0 = Debug|Any CPU
		{BC57962A-3626-4DF9-9D90-596925843E26}.Debug|x86.ActiveCfg = Debug|Any CPU
		{BC57962A-3626-4DF9-9D90-596925843E26}.Debug|x86.Build.0 = Debug|Any CPU
		{BC57962A-3626-4DF9-9D90-596925843E26}.Release|Any CPU.ActiveCfg = Release|Any CPU
		{BC57962A-3626-4DF9-9D90-596925843E26}.Release|Any CPU.Build.0 = Release|Any CPU
		{BC57962A-3626-4DF9-9D90-596925843E26}.Release|ARM.ActiveCfg = Release|Any CPU
		{BC57962A-3626-4DF9-9D90-596925843E26}.Release|ARM.Build.0 = Release|Any CPU
		{BC57962A-3626-4DF9-9D90-596925843E26}.Release|x64.ActiveCfg = Release|Any CPU
		{BC57962A-3626-4DF9-9D90-596925843E26}.Release|x64.Build.0 = Release|Any CPU
		{BC57962A-3626-4DF9-9D90-596925843E26}.Release|x86.ActiveCfg = Release|Any CPU
		{BC57962A-3626-4DF9-9D90-596925843E26}.Release|x86.Build.0 = Release|Any CPU
		{5AF5F513-F1CF-42DD-BDA2-41940EB0CE2E}.Debug|Any CPU.ActiveCfg = Debug|Any CPU
		{5AF5F513-F1CF-42DD-BDA2-41940EB0CE2E}.Debug|Any CPU.Build.0 = Debug|Any CPU
		{5AF5F513-F1CF-42DD-BDA2-41940EB0CE2E}.Debug|ARM.ActiveCfg = Debug|Any CPU
		{5AF5F513-F1CF-42DD-BDA2-41940EB0CE2E}.Debug|ARM.Build.0 = Debug|Any CPU
		{5AF5F513-F1CF-42DD-BDA2-41940EB0CE2E}.Debug|x64.ActiveCfg = Debug|Any CPU
		{5AF5F513-F1CF-42DD-BDA2-41940EB0CE2E}.Debug|x64.Build.0 = Debug|Any CPU
		{5AF5F513-F1CF-42DD-BDA2-41940EB0CE2E}.Debug|x86.ActiveCfg = Debug|Any CPU
		{5AF5F513-F1CF-42DD-BDA2-41940EB0CE2E}.Debug|x86.Build.0 = Debug|Any CPU
		{5AF5F513-F1CF-42DD-BDA2-41940EB0CE2E}.Release|Any CPU.ActiveCfg = Release|Any CPU
		{5AF5F513-F1CF-42DD-BDA2-41940EB0CE2E}.Release|Any CPU.Build.0 = Release|Any CPU
		{5AF5F513-F1CF-42DD-BDA2-41940EB0CE2E}.Release|ARM.ActiveCfg = Release|Any CPU
		{5AF5F513-F1CF-42DD-BDA2-41940EB0CE2E}.Release|ARM.Build.0 = Release|Any CPU
		{5AF5F513-F1CF-42DD-BDA2-41940EB0CE2E}.Release|x64.ActiveCfg = Release|Any CPU
		{5AF5F513-F1CF-42DD-BDA2-41940EB0CE2E}.Release|x64.Build.0 = Release|Any CPU
		{5AF5F513-F1CF-42DD-BDA2-41940EB0CE2E}.Release|x86.ActiveCfg = Release|Any CPU
		{5AF5F513-F1CF-42DD-BDA2-41940EB0CE2E}.Release|x86.Build.0 = Release|Any CPU
		{BB4BD8F0-7744-47BE-8EC2-AA412496936A}.Debug|Any CPU.ActiveCfg = Debug|Any CPU
		{BB4BD8F0-7744-47BE-8EC2-AA412496936A}.Debug|Any CPU.Build.0 = Debug|Any CPU
		{BB4BD8F0-7744-47BE-8EC2-AA412496936A}.Debug|ARM.ActiveCfg = Debug|Any CPU
		{BB4BD8F0-7744-47BE-8EC2-AA412496936A}.Debug|ARM.Build.0 = Debug|Any CPU
		{BB4BD8F0-7744-47BE-8EC2-AA412496936A}.Debug|x64.ActiveCfg = Debug|Any CPU
		{BB4BD8F0-7744-47BE-8EC2-AA412496936A}.Debug|x64.Build.0 = Debug|Any CPU
		{BB4BD8F0-7744-47BE-8EC2-AA412496936A}.Debug|x86.ActiveCfg = Debug|Any CPU
		{BB4BD8F0-7744-47BE-8EC2-AA412496936A}.Debug|x86.Build.0 = Debug|Any CPU
		{BB4BD8F0-7744-47BE-8EC2-AA412496936A}.Release|Any CPU.ActiveCfg = Release|Any CPU
		{BB4BD8F0-7744-47BE-8EC2-AA412496936A}.Release|Any CPU.Build.0 = Release|Any CPU
		{BB4BD8F0-7744-47BE-8EC2-AA412496936A}.Release|ARM.ActiveCfg = Release|Any CPU
		{BB4BD8F0-7744-47BE-8EC2-AA412496936A}.Release|ARM.Build.0 = Release|Any CPU
		{BB4BD8F0-7744-47BE-8EC2-AA412496936A}.Release|x64.ActiveCfg = Release|Any CPU
		{BB4BD8F0-7744-47BE-8EC2-AA412496936A}.Release|x64.Build.0 = Release|Any CPU
		{BB4BD8F0-7744-47BE-8EC2-AA412496936A}.Release|x86.ActiveCfg = Release|Any CPU
		{BB4BD8F0-7744-47BE-8EC2-AA412496936A}.Release|x86.Build.0 = Release|Any CPU
		{CCB34282-C736-483C-B87E-6AF54293BDD0}.Debug|Any CPU.ActiveCfg = Debug|Any CPU
		{CCB34282-C736-483C-B87E-6AF54293BDD0}.Debug|Any CPU.Build.0 = Debug|Any CPU
		{CCB34282-C736-483C-B87E-6AF54293BDD0}.Debug|ARM.ActiveCfg = Debug|Any CPU
		{CCB34282-C736-483C-B87E-6AF54293BDD0}.Debug|ARM.Build.0 = Debug|Any CPU
		{CCB34282-C736-483C-B87E-6AF54293BDD0}.Debug|x64.ActiveCfg = Debug|Any CPU
		{CCB34282-C736-483C-B87E-6AF54293BDD0}.Debug|x64.Build.0 = Debug|Any CPU
		{CCB34282-C736-483C-B87E-6AF54293BDD0}.Debug|x86.ActiveCfg = Debug|Any CPU
		{CCB34282-C736-483C-B87E-6AF54293BDD0}.Debug|x86.Build.0 = Debug|Any CPU
		{CCB34282-C736-483C-B87E-6AF54293BDD0}.Release|Any CPU.ActiveCfg = Release|Any CPU
		{CCB34282-C736-483C-B87E-6AF54293BDD0}.Release|Any CPU.Build.0 = Release|Any CPU
		{CCB34282-C736-483C-B87E-6AF54293BDD0}.Release|ARM.ActiveCfg = Release|Any CPU
		{CCB34282-C736-483C-B87E-6AF54293BDD0}.Release|ARM.Build.0 = Release|Any CPU
		{CCB34282-C736-483C-B87E-6AF54293BDD0}.Release|x64.ActiveCfg = Release|Any CPU
		{CCB34282-C736-483C-B87E-6AF54293BDD0}.Release|x64.Build.0 = Release|Any CPU
		{CCB34282-C736-483C-B87E-6AF54293BDD0}.Release|x86.ActiveCfg = Release|Any CPU
		{CCB34282-C736-483C-B87E-6AF54293BDD0}.Release|x86.Build.0 = Release|Any CPU
		{348A7A73-0D71-4550-8CF8-F9BAA5C61A88}.Debug|Any CPU.ActiveCfg = Debug|Any CPU
		{348A7A73-0D71-4550-8CF8-F9BAA5C61A88}.Debug|Any CPU.Build.0 = Debug|Any CPU
		{348A7A73-0D71-4550-8CF8-F9BAA5C61A88}.Debug|ARM.ActiveCfg = Debug|Any CPU
		{348A7A73-0D71-4550-8CF8-F9BAA5C61A88}.Debug|ARM.Build.0 = Debug|Any CPU
		{348A7A73-0D71-4550-8CF8-F9BAA5C61A88}.Debug|x64.ActiveCfg = Debug|Any CPU
		{348A7A73-0D71-4550-8CF8-F9BAA5C61A88}.Debug|x64.Build.0 = Debug|Any CPU
		{348A7A73-0D71-4550-8CF8-F9BAA5C61A88}.Debug|x86.ActiveCfg = Debug|Any CPU
		{348A7A73-0D71-4550-8CF8-F9BAA5C61A88}.Debug|x86.Build.0 = Debug|Any CPU
		{348A7A73-0D71-4550-8CF8-F9BAA5C61A88}.Release|Any CPU.ActiveCfg = Release|Any CPU
		{348A7A73-0D71-4550-8CF8-F9BAA5C61A88}.Release|Any CPU.Build.0 = Release|Any CPU
		{348A7A73-0D71-4550-8CF8-F9BAA5C61A88}.Release|ARM.ActiveCfg = Release|Any CPU
		{348A7A73-0D71-4550-8CF8-F9BAA5C61A88}.Release|ARM.Build.0 = Release|Any CPU
		{348A7A73-0D71-4550-8CF8-F9BAA5C61A88}.Release|x64.ActiveCfg = Release|Any CPU
		{348A7A73-0D71-4550-8CF8-F9BAA5C61A88}.Release|x64.Build.0 = Release|Any CPU
		{348A7A73-0D71-4550-8CF8-F9BAA5C61A88}.Release|x86.ActiveCfg = Release|Any CPU
		{348A7A73-0D71-4550-8CF8-F9BAA5C61A88}.Release|x86.Build.0 = Release|Any CPU
		{4C18CA13-40BC-42BF-97D5-6C10DAE48565}.Debug|Any CPU.ActiveCfg = Debug|Any CPU
		{4C18CA13-40BC-42BF-97D5-6C10DAE48565}.Debug|Any CPU.Build.0 = Debug|Any CPU
		{4C18CA13-40BC-42BF-97D5-6C10DAE48565}.Debug|ARM.ActiveCfg = Debug|Any CPU
		{4C18CA13-40BC-42BF-97D5-6C10DAE48565}.Debug|ARM.Build.0 = Debug|Any CPU
		{4C18CA13-40BC-42BF-97D5-6C10DAE48565}.Debug|x64.ActiveCfg = Debug|Any CPU
		{4C18CA13-40BC-42BF-97D5-6C10DAE48565}.Debug|x64.Build.0 = Debug|Any CPU
		{4C18CA13-40BC-42BF-97D5-6C10DAE48565}.Debug|x86.ActiveCfg = Debug|Any CPU
		{4C18CA13-40BC-42BF-97D5-6C10DAE48565}.Debug|x86.Build.0 = Debug|Any CPU
		{4C18CA13-40BC-42BF-97D5-6C10DAE48565}.Release|Any CPU.ActiveCfg = Release|Any CPU
		{4C18CA13-40BC-42BF-97D5-6C10DAE48565}.Release|Any CPU.Build.0 = Release|Any CPU
		{4C18CA13-40BC-42BF-97D5-6C10DAE48565}.Release|ARM.ActiveCfg = Release|Any CPU
		{4C18CA13-40BC-42BF-97D5-6C10DAE48565}.Release|ARM.Build.0 = Release|Any CPU
		{4C18CA13-40BC-42BF-97D5-6C10DAE48565}.Release|x64.ActiveCfg = Release|Any CPU
		{4C18CA13-40BC-42BF-97D5-6C10DAE48565}.Release|x64.Build.0 = Release|Any CPU
		{4C18CA13-40BC-42BF-97D5-6C10DAE48565}.Release|x86.ActiveCfg = Release|Any CPU
		{4C18CA13-40BC-42BF-97D5-6C10DAE48565}.Release|x86.Build.0 = Release|Any CPU
	EndGlobalSection
	GlobalSection(SolutionProperties) = preSolution
		HideSolutionNode = FALSE
	EndGlobalSection
	GlobalSection(NestedProjects) = preSolution
		{74A58B77-E561-4060-8936-63BEE4F75BC5} = {BCFA1C85-064E-430D-933B-CF8AD46468C4}
		{5A41C23C-799A-47D0-A04E-27D5C1D686D5} = {CB1FD94F-E449-41A4-8FDA-8B0A4CFE1DC4}
		{B1D9F6D3-DB56-4379-8A69-397592DCA8F9} = {BCFA1C85-064E-430D-933B-CF8AD46468C4}
		{C4281D82-07D3-43A5-81A6-17F0FD5B8BC0} = {BCFA1C85-064E-430D-933B-CF8AD46468C4}
		{CC2CBB07-0C6C-434E-854C-894705C20FAB} = {CB1FD94F-E449-41A4-8FDA-8B0A4CFE1DC4}
		{2B8C8893-D3C1-49D9-AEDC-569A0FD08C78} = {1296EF6E-FF3C-4B7B-8505-A87B8EE0EEA5}
		{154CCFF5-2A4B-4F18-9E2E-2D2A2DC93837} = {E0CD5B8E-5471-4EDD-A997-A446C02D2E75}
		{4C125517-3CC7-4BC4-B136-A496F3A6B42B} = {E0CD5B8E-5471-4EDD-A997-A446C02D2E75}
		{9423A1A5-42EB-4808-8CCF-20F5AF80DA1E} = {E0CD5B8E-5471-4EDD-A997-A446C02D2E75}
		{5650E9D0-E550-4277-A912-BCC9C1F9D2DB} = {D404BCA1-629E-424A-8F56-A5754E023A1E}
		{FE8493AC-456C-481E-B565-2CD30B41B8EE} = {1296EF6E-FF3C-4B7B-8505-A87B8EE0EEA5}
		{EE7D6F95-49AB-4EBE-8876-CFEA245BC565} = {E0CD5B8E-5471-4EDD-A997-A446C02D2E75}
		{0152D83C-EA37-4206-8F2C-B304DB9678B5} = {E0CD5B8E-5471-4EDD-A997-A446C02D2E75}
		{BC57962A-3626-4DF9-9D90-596925843E26} = {D404BCA1-629E-424A-8F56-A5754E023A1E}
		{5AF5F513-F1CF-42DD-BDA2-41940EB0CE2E} = {BCFA1C85-064E-430D-933B-CF8AD46468C4}
		{BB4BD8F0-7744-47BE-8EC2-AA412496936A} = {1296EF6E-FF3C-4B7B-8505-A87B8EE0EEA5}
		{CCB34282-C736-483C-B87E-6AF54293BDD0} = {D404BCA1-629E-424A-8F56-A5754E023A1E}
		{348A7A73-0D71-4550-8CF8-F9BAA5C61A88} = {CB1FD94F-E449-41A4-8FDA-8B0A4CFE1DC4}
		{4C18CA13-40BC-42BF-97D5-6C10DAE48565} = {D404BCA1-629E-424A-8F56-A5754E023A1E}
	EndGlobalSection
	GlobalSection(ExtensibilityGlobals) = postSolution
		RESX_PrefixTranslations = False
		RESX_NeutralResourcesLanguage = uk-UA
	EndGlobalSection
EndGlobal
